// !$*UTF8*$!
{
	archiveVersion = 1;
	classes = {
	};
	objectVersion = 55;
	objects = {

/* Begin PBXBuildFile section */
		EC4E3264270F2A5D00690E46 /* AppDelegate.swift in Sources */ = {isa = PBXBuildFile; fileRef = EC4E3263270F2A5D00690E46 /* AppDelegate.swift */; };
		EC4E3266270F2A5D00690E46 /* SceneDelegate.swift in Sources */ = {isa = PBXBuildFile; fileRef = EC4E3265270F2A5D00690E46 /* SceneDelegate.swift */; };
		EC4E3268270F2A5D00690E46 /* ViewController.swift in Sources */ = {isa = PBXBuildFile; fileRef = EC4E3267270F2A5D00690E46 /* ViewController.swift */; };
		EC4E326B270F2A5D00690E46 /* Main.storyboard in Resources */ = {isa = PBXBuildFile; fileRef = EC4E3269270F2A5D00690E46 /* Main.storyboard */; };
		EC4E326D270F2A5F00690E46 /* Assets.xcassets in Resources */ = {isa = PBXBuildFile; fileRef = EC4E326C270F2A5F00690E46 /* Assets.xcassets */; };
		EC4E3270270F2A5F00690E46 /* LaunchScreen.storyboard in Resources */ = {isa = PBXBuildFile; fileRef = EC4E326E270F2A5F00690E46 /* LaunchScreen.storyboard */; };
		EC4E3278270F32E600690E46 /* SignUp.storyboard in Resources */ = {isa = PBXBuildFile; fileRef = EC4E3277270F32E600690E46 /* SignUp.storyboard */; };
		EC4E327A270F32F400690E46 /* SignUpViewController.swift in Sources */ = {isa = PBXBuildFile; fileRef = EC4E3279270F32F400690E46 /* SignUpViewController.swift */; };
		EC4E327E27102C4900690E46 /* EnterViewController.swift in Sources */ = {isa = PBXBuildFile; fileRef = EC4E327D27102C4900690E46 /* EnterViewController.swift */; };
		EC4E328027102C5100690E46 /* Enter.storyboard in Resources */ = {isa = PBXBuildFile; fileRef = EC4E327F27102C5100690E46 /* Enter.storyboard */; };
		EC4E32862710300900690E46 /* Const.swift in Sources */ = {isa = PBXBuildFile; fileRef = EC4E32852710300900690E46 /* Const.swift */; };
		EC4E32882710301900690E46 /* Storyboard.swift in Sources */ = {isa = PBXBuildFile; fileRef = EC4E32872710301900690E46 /* Storyboard.swift */; };
		EC4E328A2710308200690E46 /* ViewControllers.swift in Sources */ = {isa = PBXBuildFile; fileRef = EC4E32892710308200690E46 /* ViewControllers.swift */; };
/* End PBXBuildFile section */

/* Begin PBXFileReference section */
		EC4E3260270F2A5D00690E46 /* iOS-Assignment.app */ = {isa = PBXFileReference; explicitFileType = wrapper.application; includeInIndex = 0; path = "iOS-Assignment.app"; sourceTree = BUILT_PRODUCTS_DIR; };
		EC4E3263270F2A5D00690E46 /* AppDelegate.swift */ = {isa = PBXFileReference; lastKnownFileType = sourcecode.swift; path = AppDelegate.swift; sourceTree = "<group>"; };
		EC4E3265270F2A5D00690E46 /* SceneDelegate.swift */ = {isa = PBXFileReference; lastKnownFileType = sourcecode.swift; path = SceneDelegate.swift; sourceTree = "<group>"; };
		EC4E3267270F2A5D00690E46 /* ViewController.swift */ = {isa = PBXFileReference; lastKnownFileType = sourcecode.swift; path = ViewController.swift; sourceTree = "<group>"; };
		EC4E326A270F2A5D00690E46 /* Base */ = {isa = PBXFileReference; lastKnownFileType = file.storyboard; name = Base; path = Base.lproj/Main.storyboard; sourceTree = "<group>"; };
		EC4E326C270F2A5F00690E46 /* Assets.xcassets */ = {isa = PBXFileReference; lastKnownFileType = folder.assetcatalog; path = Assets.xcassets; sourceTree = "<group>"; };
		EC4E326F270F2A5F00690E46 /* Base */ = {isa = PBXFileReference; lastKnownFileType = file.storyboard; name = Base; path = Base.lproj/LaunchScreen.storyboard; sourceTree = "<group>"; };
		EC4E3271270F2A5F00690E46 /* Info.plist */ = {isa = PBXFileReference; lastKnownFileType = text.plist.xml; path = Info.plist; sourceTree = "<group>"; };
		EC4E3277270F32E600690E46 /* SignUp.storyboard */ = {isa = PBXFileReference; lastKnownFileType = file.storyboard; path = SignUp.storyboard; sourceTree = "<group>"; };
		EC4E3279270F32F400690E46 /* SignUpViewController.swift */ = {isa = PBXFileReference; lastKnownFileType = sourcecode.swift; path = SignUpViewController.swift; sourceTree = "<group>"; };
		EC4E327D27102C4900690E46 /* EnterViewController.swift */ = {isa = PBXFileReference; lastKnownFileType = sourcecode.swift; path = EnterViewController.swift; sourceTree = "<group>"; };
		EC4E327F27102C5100690E46 /* Enter.storyboard */ = {isa = PBXFileReference; lastKnownFileType = file.storyboard; path = Enter.storyboard; sourceTree = "<group>"; };
		EC4E32852710300900690E46 /* Const.swift */ = {isa = PBXFileReference; lastKnownFileType = sourcecode.swift; path = Const.swift; sourceTree = "<group>"; };
		EC4E32872710301900690E46 /* Storyboard.swift */ = {isa = PBXFileReference; lastKnownFileType = sourcecode.swift; path = Storyboard.swift; sourceTree = "<group>"; };
		EC4E32892710308200690E46 /* ViewControllers.swift */ = {isa = PBXFileReference; lastKnownFileType = sourcecode.swift; path = ViewControllers.swift; sourceTree = "<group>"; };
/* End PBXFileReference section */

/* Begin PBXFrameworksBuildPhase section */
		EC4E325D270F2A5D00690E46 /* Frameworks */ = {
			isa = PBXFrameworksBuildPhase;
			buildActionMask = 2147483647;
			files = (
			);
			runOnlyForDeploymentPostprocessing = 0;
		};
/* End PBXFrameworksBuildPhase section */

/* Begin PBXGroup section */
		EC4E3257270F2A5D00690E46 = {
			isa = PBXGroup;
			children = (
				EC4E3262270F2A5D00690E46 /* iOS-Assignment */,
				EC4E3261270F2A5D00690E46 /* Products */,
			);
			sourceTree = "<group>";
		};
		EC4E3261270F2A5D00690E46 /* Products */ = {
			isa = PBXGroup;
			children = (
				EC4E3260270F2A5D00690E46 /* iOS-Assignment.app */,
			);
			name = Products;
			sourceTree = "<group>";
		};
		EC4E3262270F2A5D00690E46 /* iOS-Assignment */ = {
			isa = PBXGroup;
			children = (
				EC4E328127102FDD00690E46 /* Resource */,
				EC4E328C271052CE00690E46 /* Source */,
				EC4E326E270F2A5F00690E46 /* LaunchScreen.storyboard */,
				EC4E3271270F2A5F00690E46 /* Info.plist */,
			);
			path = "iOS-Assignment";
			sourceTree = "<group>";
		};
		EC4E328127102FDD00690E46 /* Resource */ = {
			isa = PBXGroup;
			children = (
				EC4E326C270F2A5F00690E46 /* Assets.xcassets */,
				EC4E328B271052B500690E46 /* Storyboard */,
				EC4E328427102FFC00690E46 /* Constants */,
			);
			path = Resource;
			sourceTree = "<group>";
		};
		EC4E328427102FFC00690E46 /* Constants */ = {
			isa = PBXGroup;
			children = (
				EC4E32852710300900690E46 /* Const.swift */,
				EC4E32872710301900690E46 /* Storyboard.swift */,
				EC4E32892710308200690E46 /* ViewControllers.swift */,
			);
			path = Constants;
			sourceTree = "<group>";
		};
		EC4E328B271052B500690E46 /* Storyboard */ = {
			isa = PBXGroup;
			children = (
				EC4E3269270F2A5D00690E46 /* Main.storyboard */,
				EC4E3277270F32E600690E46 /* SignUp.storyboard */,
				EC4E327F27102C5100690E46 /* Enter.storyboard */,
			);
			path = Storyboard;
			sourceTree = "<group>";
		};
		EC4E328C271052CE00690E46 /* Source */ = {
			isa = PBXGroup;
			children = (
				EC4E3263270F2A5D00690E46 /* AppDelegate.swift */,
				EC4E3265270F2A5D00690E46 /* SceneDelegate.swift */,
				EC4E328D271052DC00690E46 /* ViewController */,
			);
			path = Source;
			sourceTree = "<group>";
		};
		EC4E328D271052DC00690E46 /* ViewController */ = {
			isa = PBXGroup;
			children = (
				EC4E3279270F32F400690E46 /* SignUpViewController.swift */,
				EC4E327D27102C4900690E46 /* EnterViewController.swift */,
				EC4E3267270F2A5D00690E46 /* ViewController.swift */,
			);
			path = ViewController;
			sourceTree = "<group>";
		};
/* End PBXGroup section */

/* Begin PBXNativeTarget section */
		EC4E325F270F2A5D00690E46 /* iOS-Assignment */ = {
			isa = PBXNativeTarget;
			buildConfigurationList = EC4E3274270F2A5F00690E46 /* Build configuration list for PBXNativeTarget "iOS-Assignment" */;
			buildPhases = (
				EC4E325C270F2A5D00690E46 /* Sources */,
				EC4E325D270F2A5D00690E46 /* Frameworks */,
				EC4E325E270F2A5D00690E46 /* Resources */,
			);
			buildRules = (
			);
			dependencies = (
			);
			name = "iOS-Assignment";
			productName = "iOS-Assignment";
			productReference = EC4E3260270F2A5D00690E46 /* iOS-Assignment.app */;
			productType = "com.apple.product-type.application";
		};
/* End PBXNativeTarget section */

/* Begin PBXProject section */
		EC4E3258270F2A5D00690E46 /* Project object */ = {
			isa = PBXProject;
			attributes = {
				BuildIndependentTargetsInParallel = 1;
				LastSwiftUpdateCheck = 1300;
				LastUpgradeCheck = 1300;
				TargetAttributes = {
					EC4E325F270F2A5D00690E46 = {
						CreatedOnToolsVersion = 13.0;
					};
				};
			};
			buildConfigurationList = EC4E325B270F2A5D00690E46 /* Build configuration list for PBXProject "iOS-Assignment" */;
			compatibilityVersion = "Xcode 13.0";
			developmentRegion = en;
			hasScannedForEncodings = 0;
			knownRegions = (
				en,
				Base,
			);
			mainGroup = EC4E3257270F2A5D00690E46;
			productRefGroup = EC4E3261270F2A5D00690E46 /* Products */;
			projectDirPath = "";
			projectRoot = "";
			targets = (
				EC4E325F270F2A5D00690E46 /* iOS-Assignment */,
			);
		};
/* End PBXProject section */

/* Begin PBXResourcesBuildPhase section */
		EC4E325E270F2A5D00690E46 /* Resources */ = {
			isa = PBXResourcesBuildPhase;
			buildActionMask = 2147483647;
			files = (
				EC4E3270270F2A5F00690E46 /* LaunchScreen.storyboard in Resources */,
				EC4E326D270F2A5F00690E46 /* Assets.xcassets in Resources */,
				EC4E3278270F32E600690E46 /* SignUp.storyboard in Resources */,
				EC4E326B270F2A5D00690E46 /* Main.storyboard in Resources */,
				EC4E328027102C5100690E46 /* Enter.storyboard in Resources */,
			);
			runOnlyForDeploymentPostprocessing = 0;
		};
/* End PBXResourcesBuildPhase section */

/* Begin PBXSourcesBuildPhase section */
		EC4E325C270F2A5D00690E46 /* Sources */ = {
			isa = PBXSourcesBuildPhase;
			buildActionMask = 2147483647;
			files = (
				EC4E327E27102C4900690E46 /* EnterViewController.swift in Sources */,
				EC4E3268270F2A5D00690E46 /* ViewController.swift in Sources */,
				EC4E3264270F2A5D00690E46 /* AppDelegate.swift in Sources */,
				EC4E32882710301900690E46 /* Storyboard.swift in Sources */,
				EC4E327A270F32F400690E46 /* SignUpViewController.swift in Sources */,
				EC4E3266270F2A5D00690E46 /* SceneDelegate.swift in Sources */,
				EC4E328A2710308200690E46 /* ViewControllers.swift in Sources */,
				EC4E32862710300900690E46 /* Const.swift in Sources */,
			);
			runOnlyForDeploymentPostprocessing = 0;
		};
/* End PBXSourcesBuildPhase section */

/* Begin PBXVariantGroup section */
		EC4E3269270F2A5D00690E46 /* Main.storyboard */ = {
			isa = PBXVariantGroup;
			children = (
				EC4E326A270F2A5D00690E46 /* Base */,
			);
			name = Main.storyboard;
			sourceTree = "<group>";
		};
		EC4E326E270F2A5F00690E46 /* LaunchScreen.storyboard */ = {
			isa = PBXVariantGroup;
			children = (
				EC4E326F270F2A5F00690E46 /* Base */,
			);
			name = LaunchScreen.storyboard;
			sourceTree = "<group>";
		};
/* End PBXVariantGroup section */

/* Begin XCBuildConfiguration section */
		EC4E3272270F2A5F00690E46 /* Debug */ = {
			isa = XCBuildConfiguration;
			buildSettings = {
				ALWAYS_SEARCH_USER_PATHS = NO;
				CLANG_ANALYZER_NONNULL = YES;
				CLANG_ANALYZER_NUMBER_OBJECT_CONVERSION = YES_AGGRESSIVE;
				CLANG_CXX_LANGUAGE_STANDARD = "gnu++17";
				CLANG_CXX_LIBRARY = "libc++";
				CLANG_ENABLE_MODULES = YES;
				CLANG_ENABLE_OBJC_ARC = YES;
				CLANG_ENABLE_OBJC_WEAK = YES;
				CLANG_WARN_BLOCK_CAPTURE_AUTORELEASING = YES;
				CLANG_WARN_BOOL_CONVERSION = YES;
				CLANG_WARN_COMMA = YES;
				CLANG_WARN_CONSTANT_CONVERSION = YES;
				CLANG_WARN_DEPRECATED_OBJC_IMPLEMENTATIONS = YES;
				CLANG_WARN_DIRECT_OBJC_ISA_USAGE = YES_ERROR;
				CLANG_WARN_DOCUMENTATION_COMMENTS = YES;
				CLANG_WARN_EMPTY_BODY = YES;
				CLANG_WARN_ENUM_CONVERSION = YES;
				CLANG_WARN_INFINITE_RECURSION = YES;
				CLANG_WARN_INT_CONVERSION = YES;
				CLANG_WARN_NON_LITERAL_NULL_CONVERSION = YES;
				CLANG_WARN_OBJC_IMPLICIT_RETAIN_SELF = YES;
				CLANG_WARN_OBJC_LITERAL_CONVERSION = YES;
				CLANG_WARN_OBJC_ROOT_CLASS = YES_ERROR;
				CLANG_WARN_QUOTED_INCLUDE_IN_FRAMEWORK_HEADER = YES;
				CLANG_WARN_RANGE_LOOP_ANALYSIS = YES;
				CLANG_WARN_STRICT_PROTOTYPES = YES;
				CLANG_WARN_SUSPICIOUS_MOVE = YES;
				CLANG_WARN_UNGUARDED_AVAILABILITY = YES_AGGRESSIVE;
				CLANG_WARN_UNREACHABLE_CODE = YES;
				CLANG_WARN__DUPLICATE_METHOD_MATCH = YES;
				COPY_PHASE_STRIP = NO;
				DEBUG_INFORMATION_FORMAT = dwarf;
				ENABLE_STRICT_OBJC_MSGSEND = YES;
				ENABLE_TESTABILITY = YES;
				GCC_C_LANGUAGE_STANDARD = gnu11;
				GCC_DYNAMIC_NO_PIC = NO;
				GCC_NO_COMMON_BLOCKS = YES;
				GCC_OPTIMIZATION_LEVEL = 0;
				GCC_PREPROCESSOR_DEFINITIONS = (
					"DEBUG=1",
					"$(inherited)",
				);
				GCC_WARN_64_TO_32_BIT_CONVERSION = YES;
				GCC_WARN_ABOUT_RETURN_TYPE = YES_ERROR;
				GCC_WARN_UNDECLARED_SELECTOR = YES;
				GCC_WARN_UNINITIALIZED_AUTOS = YES_AGGRESSIVE;
				GCC_WARN_UNUSED_FUNCTION = YES;
				GCC_WARN_UNUSED_VARIABLE = YES;
				IPHONEOS_DEPLOYMENT_TARGET = 15.0;
				MTL_ENABLE_DEBUG_INFO = INCLUDE_SOURCE;
				MTL_FAST_MATH = YES;
				ONLY_ACTIVE_ARCH = YES;
				SDKROOT = iphoneos;
				SWIFT_ACTIVE_COMPILATION_CONDITIONS = DEBUG;
				SWIFT_OPTIMIZATION_LEVEL = "-Onone";
			};
			name = Debug;
		};
		EC4E3273270F2A5F00690E46 /* Release */ = {
			isa = XCBuildConfiguration;
			buildSettings = {
				ALWAYS_SEARCH_USER_PATHS = NO;
				CLANG_ANALYZER_NONNULL = YES;
				CLANG_ANALYZER_NUMBER_OBJECT_CONVERSION = YES_AGGRESSIVE;
				CLANG_CXX_LANGUAGE_STANDARD = "gnu++17";
				CLANG_CXX_LIBRARY = "libc++";
				CLANG_ENABLE_MODULES = YES;
				CLANG_ENABLE_OBJC_ARC = YES;
				CLANG_ENABLE_OBJC_WEAK = YES;
				CLANG_WARN_BLOCK_CAPTURE_AUTORELEASING = YES;
				CLANG_WARN_BOOL_CONVERSION = YES;
				CLANG_WARN_COMMA = YES;
				CLANG_WARN_CONSTANT_CONVERSION = YES;
				CLANG_WARN_DEPRECATED_OBJC_IMPLEMENTATIONS = YES;
				CLANG_WARN_DIRECT_OBJC_ISA_USAGE = YES_ERROR;
				CLANG_WARN_DOCUMENTATION_COMMENTS = YES;
				CLANG_WARN_EMPTY_BODY = YES;
				CLANG_WARN_ENUM_CONVERSION = YES;
				CLANG_WARN_INFINITE_RECURSION = YES;
				CLANG_WARN_INT_CONVERSION = YES;
				CLANG_WARN_NON_LITERAL_NULL_CONVERSION = YES;
				CLANG_WARN_OBJC_IMPLICIT_RETAIN_SELF = YES;
				CLANG_WARN_OBJC_LITERAL_CONVERSION = YES;
				CLANG_WARN_OBJC_ROOT_CLASS = YES_ERROR;
				CLANG_WARN_QUOTED_INCLUDE_IN_FRAMEWORK_HEADER = YES;
				CLANG_WARN_RANGE_LOOP_ANALYSIS = YES;
				CLANG_WARN_STRICT_PROTOTYPES = YES;
				CLANG_WARN_SUSPICIOUS_MOVE = YES;
				CLANG_WARN_UNGUARDED_AVAILABILITY = YES_AGGRESSIVE;
				CLANG_WARN_UNREACHABLE_CODE = YES;
				CLANG_WARN__DUPLICATE_METHOD_MATCH = YES;
				COPY_PHASE_STRIP = NO;
				DEBUG_INFORMATION_FORMAT = "dwarf-with-dsym";
				ENABLE_NS_ASSERTIONS = NO;
				ENABLE_STRICT_OBJC_MSGSEND = YES;
				GCC_C_LANGUAGE_STANDARD = gnu11;
				GCC_NO_COMMON_BLOCKS = YES;
				GCC_WARN_64_TO_32_BIT_CONVERSION = YES;
				GCC_WARN_ABOUT_RETURN_TYPE = YES_ERROR;
				GCC_WARN_UNDECLARED_SELECTOR = YES;
				GCC_WARN_UNINITIALIZED_AUTOS = YES_AGGRESSIVE;
				GCC_WARN_UNUSED_FUNCTION = YES;
				GCC_WARN_UNUSED_VARIABLE = YES;
				IPHONEOS_DEPLOYMENT_TARGET = 15.0;
				MTL_ENABLE_DEBUG_INFO = NO;
				MTL_FAST_MATH = YES;
				SDKROOT = iphoneos;
				SWIFT_COMPILATION_MODE = wholemodule;
				SWIFT_OPTIMIZATION_LEVEL = "-O";
				VALIDATE_PRODUCT = YES;
			};
			name = Release;
		};
		EC4E3275270F2A5F00690E46 /* Debug */ = {
			isa = XCBuildConfiguration;
			buildSettings = {
				ASSETCATALOG_COMPILER_APPICON_NAME = AppIcon;
				ASSETCATALOG_COMPILER_GLOBAL_ACCENT_COLOR_NAME = AccentColor;
				CODE_SIGN_STYLE = Automatic;
				CURRENT_PROJECT_VERSION = 1;
				DEVELOPMENT_TEAM = RQHZUCMHSH;
				GENERATE_INFOPLIST_FILE = YES;
				INFOPLIST_FILE = "iOS-Assignment/Info.plist";
				INFOPLIST_KEY_UIApplicationSupportsIndirectInputEvents = YES;
				INFOPLIST_KEY_UILaunchStoryboardName = LaunchScreen;
				INFOPLIST_KEY_UIMainStoryboardFile = Main;
				INFOPLIST_KEY_UISupportedInterfaceOrientations_iPad = "UIInterfaceOrientationPortrait UIInterfaceOrientationPortraitUpsideDown UIInterfaceOrientationLandscapeLeft UIInterfaceOrientationLandscapeRight";
				INFOPLIST_KEY_UISupportedInterfaceOrientations_iPhone = "UIInterfaceOrientationPortrait UIInterfaceOrientationLandscapeLeft UIInterfaceOrientationLandscapeRight";
				IPHONEOS_DEPLOYMENT_TARGET = 14.3;
				LD_RUNPATH_SEARCH_PATHS = (
					"$(inherited)",
					"@executable_path/Frameworks",
				);
				MARKETING_VERSION = 1.0;
				PRODUCT_BUNDLE_IDENTIFIER = "seungchan.iOS-Assignment";
				PRODUCT_NAME = "$(TARGET_NAME)";
				SWIFT_EMIT_LOC_STRINGS = YES;
				SWIFT_VERSION = 5.0;
				TARGETED_DEVICE_FAMILY = "1,2";
			};
			name = Debug;
		};
		EC4E3276270F2A5F00690E46 /* Release */ = {
			isa = XCBuildConfiguration;
			buildSettings = {
				ASSETCATALOG_COMPILER_APPICON_NAME = AppIcon;
				ASSETCATALOG_COMPILER_GLOBAL_ACCENT_COLOR_NAME = AccentColor;
				CODE_SIGN_STYLE = Automatic;
				CURRENT_PROJECT_VERSION = 1;
				DEVELOPMENT_TEAM = RQHZUCMHSH;
				GENERATE_INFOPLIST_FILE = YES;
				INFOPLIST_FILE = "iOS-Assignment/Info.plist";
				INFOPLIST_KEY_UIApplicationSupportsIndirectInputEvents = YES;
				INFOPLIST_KEY_UILaunchStoryboardName = LaunchScreen;
				INFOPLIST_KEY_UIMainStoryboardFile = Main;
				INFOPLIST_KEY_UISupportedInterfaceOrientations_iPad = "UIInterfaceOrientationPortrait UIInterfaceOrientationPortraitUpsideDown UIInterfaceOrientationLandscapeLeft UIInterfaceOrientationLandscapeRight";
				INFOPLIST_KEY_UISupportedInterfaceOrientations_iPhone = "UIInterfaceOrientationPortrait UIInterfaceOrientationLandscapeLeft UIInterfaceOrientationLandscapeRight";
				IPHONEOS_DEPLOYMENT_TARGET = 14.3;
				LD_RUNPATH_SEARCH_PATHS = (
					"$(inherited)",
					"@executable_path/Frameworks",
				);
				MARKETING_VERSION = 1.0;
				PRODUCT_BUNDLE_IDENTIFIER = "seungchan.iOS-Assignment";
				PRODUCT_NAME = "$(TARGET_NAME)";
				SWIFT_EMIT_LOC_STRINGS = YES;
				SWIFT_VERSION = 5.0;
				TARGETED_DEVICE_FAMILY = "1,2";
			};
			name = Release;
		};
/* End XCBuildConfiguration section */

/* Begin XCConfigurationList section */
		EC4E325B270F2A5D00690E46 /* Build configuration list for PBXProject "iOS-Assignment" */ = {
			isa = XCConfigurationList;
			buildConfigurations = (
				EC4E3272270F2A5F00690E46 /* Debug */,
				EC4E3273270F2A5F00690E46 /* Release */,
			);
			defaultConfigurationIsVisible = 0;
			defaultConfigurationName = Release;
		};
		EC4E3274270F2A5F00690E46 /* Build configuration list for PBXNativeTarget "iOS-Assignment" */ = {
			isa = XCConfigurationList;
			buildConfigurations = (
				EC4E3275270F2A5F00690E46 /* Debug */,
				EC4E3276270F2A5F00690E46 /* Release */,
			);
			defaultConfigurationIsVisible = 0;
			defaultConfigurationName = Release;
		};
/* End XCConfigurationList section */
	};
	rootObject = EC4E3258270F2A5D00690E46 /* Project object */;
}
